
Microsoft Visual Studio Solution File, Format Version 12.00
# Visual Studio Version 17
VisualStudioVersion = 17.9.34728.123
MinimumVisualStudioVersion = 10.0.40219.1
Project("{FAE04EC0-301F-11D3-BF4B-00C04F79EFBC}") = "WindowsFormsApp1", "WindowsFormsApp1\WindowsFormsApp1.csproj", "{59FD14E4-9A08-49B9-8269-5BEB4E93FF03}"
EndProject
Project("{FAE04EC0-301F-11D3-BF4B-00C04F79EFBC}") = "EmpresaLibreria", "EmpresaLibreria\EmpresaLibreria.csproj", "{3DB93993-1C7C-4AA6-9F88-CC1A60B9937C}"
EndProject
Global
	GlobalSection(SolutionConfigurationPlatforms) = preSolution
		Debug|Any CPU = Debug|Any CPU
		Release|Any CPU = Release|Any CPU
	EndGlobalSection
	GlobalSection(ProjectConfigurationPlatforms) = postSolution
		{59FD14E4-9A08-49B9-8269-5BEB4E93FF03}.Debug|Any CPU.ActiveCfg = Debug|Any CPU
		{59FD14E4-9A08-49B9-8269-5BEB4E93FF03}.Debug|Any CPU.Build.0 = Debug|Any CPU
		{59FD14E4-9A08-49B9-8269-5BEB4E93FF03}.Release|Any CPU.ActiveCfg = Release|Any CPU
		{59FD14E4-9A08-49B9-8269-5BEB4E93FF03}.Release|Any CPU.Build.0 = Release|Any CPU
		{3DB93993-1C7C-4AA6-9F88-CC1A60B9937C}.Debug|Any CPU.ActiveCfg = Debug|Any CPU
		{3DB93993-1C7C-4AA6-9F88-CC1A60B9937C}.Debug|Any CPU.Build.0 = Debug|Any CPU
		{3DB93993-1C7C-4AA6-9F88-CC1A60B9937C}.Release|Any CPU.ActiveCfg = Release|Any CPU
		{3DB93993-1C7C-4AA6-9F88-CC1A60B9937C}.Release|Any CPU.Build.0 = Release|Any CPU
	EndGlobalSection
	GlobalSection(SolutionProperties) = preSolution
		HideSolutionNode = FALSE
	EndGlobalSection
	GlobalSection(ExtensibilityGlobals) = postSolution
		SolutionGuid = {8C341BFC-3CC9-44BC-94FF-4AABE820F082}
	EndGlobalSection
EndGlobal
